
Microsoft Visual Studio Solution File, Format Version 12.00
# Visual Studio 14
VisualStudioVersion = 14.0.25420.1
MinimumVisualStudioVersion = 10.0.40219.1
Project("{FAE04EC0-301F-11D3-BF4B-00C04F79EFBC}") = "RapidBot", "RapidBot\RapidBot.csproj", "{ABC53D52-DA7A-44FD-A3CF-FBFF8E40573B}"
EndProject
Project("{FAE04EC0-301F-11D3-BF4B-00C04F79EFBC}") = "RapidBot.Data", "RapidBot.Data\RapidBot.Data.csproj", "{0ACBB6B5-F050-46D3-9E36-55F34F34A31B}"
EndProject
Global
	GlobalSection(SolutionConfigurationPlatforms) = preSolution
		Debug|Any CPU = Debug|Any CPU
		Release|Any CPU = Release|Any CPU
	EndGlobalSection
	GlobalSection(ProjectConfigurationPlatforms) = postSolution
		{ABC53D52-DA7A-44FD-A3CF-FBFF8E40573B}.Debug|Any CPU.ActiveCfg = Debug|Any CPU
		{ABC53D52-DA7A-44FD-A3CF-FBFF8E40573B}.Debug|Any CPU.Build.0 = Debug|Any CPU
		{ABC53D52-DA7A-44FD-A3CF-FBFF8E40573B}.Release|Any CPU.ActiveCfg = Release|Any CPU
		{ABC53D52-DA7A-44FD-A3CF-FBFF8E40573B}.Release|Any CPU.Build.0 = Release|Any CPU
		{0ACBB6B5-F050-46D3-9E36-55F34F34A31B}.Debug|Any CPU.ActiveCfg = Debug|Any CPU
		{0ACBB6B5-F050-46D3-9E36-55F34F34A31B}.Debug|Any CPU.Build.0 = Debug|Any CPU
		{0ACBB6B5-F050-46D3-9E36-55F34F34A31B}.Release|Any CPU.ActiveCfg = Release|Any CPU
		{0ACBB6B5-F050-46D3-9E36-55F34F34A31B}.Release|Any CPU.Build.0 = Release|Any CPU
	EndGlobalSection
	GlobalSection(SolutionProperties) = preSolution
		HideSolutionNode = FALSE
	EndGlobalSection
EndGlobal
